
Microsoft Visual Studio Solution File, Format Version 12.00
# Visual Studio Version 16
VisualStudioVersion = 16.0.28922.388
MinimumVisualStudioVersion = 10.0.40219.1
Project("{9A19103F-16F7-4668-BE54-9A1E7A4F7556}") = "DaysOfWeek", "DaysOfWeek\DaysOfWeek.csproj", "{8BB9796C-9142-4BDE-9445-C713715E4440}"
EndProject
Project("{2150E333-8FDC-42A3-9474-1A3956D46DE8}") = "Solution Items", "Solution Items", "{ADBEB6D1-0C38-4C29-80B6-E9CCF6A96705}"
	ProjectSection(SolutionItems) = preProject
		README.md = README.md
	EndProjectSection
EndProject
Project("{FAE04EC0-301F-11D3-BF4B-00C04F79EFBC}") = "TopTenPops", "TopTenPops\TopTenPops.csproj", "{D888D5CF-726F-4449-8544-35ECED88137A}"
EndProject
Global
	GlobalSection(SolutionConfigurationPlatforms) = preSolution
		Debug|Any CPU = Debug|Any CPU
		Release|Any CPU = Release|Any CPU
	EndGlobalSection
	GlobalSection(ProjectConfigurationPlatforms) = postSolution
		{8BB9796C-9142-4BDE-9445-C713715E4440}.Debug|Any CPU.ActiveCfg = Debug|Any CPU
		{8BB9796C-9142-4BDE-9445-C713715E4440}.Debug|Any CPU.Build.0 = Debug|Any CPU
		{8BB9796C-9142-4BDE-9445-C713715E4440}.Release|Any CPU.ActiveCfg = Release|Any CPU
		{8BB9796C-9142-4BDE-9445-C713715E4440}.Release|Any CPU.Build.0 = Release|Any CPU
		{D888D5CF-726F-4449-8544-35ECED88137A}.Debug|Any CPU.ActiveCfg = Debug|Any CPU
		{D888D5CF-726F-4449-8544-35ECED88137A}.Debug|Any CPU.Build.0 = Debug|Any CPU
		{D888D5CF-726F-4449-8544-35ECED88137A}.Release|Any CPU.ActiveCfg = Release|Any CPU
		{D888D5CF-726F-4449-8544-35ECED88137A}.Release|Any CPU.Build.0 = Release|Any CPU
	EndGlobalSection
	GlobalSection(SolutionProperties) = preSolution
		HideSolutionNode = FALSE
	EndGlobalSection
	GlobalSection(ExtensibilityGlobals) = postSolution
		SolutionGuid = {E21EDC1D-2E64-4A88-9804-1FD7068FCA85}
	EndGlobalSection
EndGlobal
